// !$*UTF8*$!
{
	archiveVersion = 1;
	classes = {
	};
	objectVersion = 46;
	objects = {

/* Begin PBXBuildFile section */
		680902061B02EFF600EDD4F8 /* AppDelegate.swift in Sources */ = {isa = PBXBuildFile; fileRef = 680902051B02EFF600EDD4F8 /* AppDelegate.swift */; };
		680902091B02EFF600EDD4F8 /* XIS__Architecture.xcdatamodeld in Sources */ = {isa = PBXBuildFile; fileRef = 680902071B02EFF600EDD4F8 /* XIS__Architecture.xcdatamodeld */; };
		680902101B02EFF600EDD4F8 /* Images.xcassets in Resources */ = {isa = PBXBuildFile; fileRef = 6809020F1B02EFF600EDD4F8 /* Images.xcassets */; };
		680902131B02EFF600EDD4F8 /* LaunchScreen.xib in Resources */ = {isa = PBXBuildFile; fileRef = 680902111B02EFF600EDD4F8 /* LaunchScreen.xib */; };
		6809021F1B02EFF600EDD4F8 /* XIS__ArchitectureTests.swift in Sources */ = {isa = PBXBuildFile; fileRef = 6809021E1B02EFF600EDD4F8 /* XIS__ArchitectureTests.swift */; };
		680902391B02F03B00EDD4F8 /* XISAdvancedViewController.m in Sources */ = {isa = PBXBuildFile; fileRef = 6809022F1B02F03B00EDD4F8 /* XISAdvancedViewController.m */; };
		6809023A1B02F03B00EDD4F8 /* XISBaseViewController.m in Sources */ = {isa = PBXBuildFile; fileRef = 680902311B02F03B00EDD4F8 /* XISBaseViewController.m */; };
		6809023B1B02F03B00EDD4F8 /* XISMiddleViewController.m in Sources */ = {isa = PBXBuildFile; fileRef = 680902331B02F03B00EDD4F8 /* XISMiddleViewController.m */; };
		6809023C1B02F03B00EDD4F8 /* ReadMe.swift in Sources */ = {isa = PBXBuildFile; fileRef = 680902341B02F03B00EDD4F8 /* ReadMe.swift */; };
		680902431B02F05A00EDD4F8 /* MenuViewController.swift in Sources */ = {isa = PBXBuildFile; fileRef = 6809023E1B02F05A00EDD4F8 /* MenuViewController.swift */; };
		680902441B02F05A00EDD4F8 /* MyAccountViewController.swift in Sources */ = {isa = PBXBuildFile; fileRef = 6809023F1B02F05A00EDD4F8 /* MyAccountViewController.swift */; };
		680902451B02F05A00EDD4F8 /* MyViewController.swift in Sources */ = {isa = PBXBuildFile; fileRef = 680902401B02F05A00EDD4F8 /* MyViewController.swift */; };
		680902461B02F05A00EDD4F8 /* SettingViewController.swift in Sources */ = {isa = PBXBuildFile; fileRef = 680902411B02F05A00EDD4F8 /* SettingViewController.swift */; };
		680902471B02F05A00EDD4F8 /* WinningInformationViewController.swift in Sources */ = {isa = PBXBuildFile; fileRef = 680902421B02F05A00EDD4F8 /* WinningInformationViewController.swift */; };
		681F86031B02F375003F122D /* Main.storyboard in Resources */ = {isa = PBXBuildFile; fileRef = 681F86021B02F375003F122D /* Main.storyboard */; };
		68A4854D1B033F7F0053C9A0 /* BreakHTTP.m in Sources */ = {isa = PBXBuildFile; fileRef = 68A485441B033F7F0053C9A0 /* BreakHTTP.m */; };
		68A4854E1B033F7F0053C9A0 /* HTTPRequest.m in Sources */ = {isa = PBXBuildFile; fileRef = 68A485461B033F7F0053C9A0 /* HTTPRequest.m */; };
		68A485501B033F7F0053C9A0 /* MBOURLConnection.m in Sources */ = {isa = PBXBuildFile; fileRef = 68A4854A1B033F7F0053C9A0 /* MBOURLConnection.m */; };
		68A485511B033F7F0053C9A0 /* Reachability.m in Sources */ = {isa = PBXBuildFile; fileRef = 68A4854C1B033F7F0053C9A0 /* Reachability.m */; };
		68A485551B0340120053C9A0 /* XISBaseModel.m in Sources */ = {isa = PBXBuildFile; fileRef = 68A485541B0340120053C9A0 /* XISBaseModel.m */; };
		68A4855B1B0341300053C9A0 /* XISBaseView.m in Sources */ = {isa = PBXBuildFile; fileRef = 68A4855A1B0341300053C9A0 /* XISBaseView.m */; };
		68A4855E1B0341390053C9A0 /* ShowAlertView.m in Sources */ = {isa = PBXBuildFile; fileRef = 68A4855D1B0341390053C9A0 /* ShowAlertView.m */; };
		68FDF1F61B044D2E0034F8C1 /* XISGlobalModel.m in Sources */ = {isa = PBXBuildFile; fileRef = 68FDF1F31B044D2E0034F8C1 /* XISGlobalModel.m */; };
		68FDF1F71B044D2E0034F8C1 /* XISMemoModel.m in Sources */ = {isa = PBXBuildFile; fileRef = 68FDF1F51B044D2E0034F8C1 /* XISMemoModel.m */; };
/* End PBXBuildFile section */

/* Begin PBXContainerItemProxy section */
		680902191B02EFF600EDD4F8 /* PBXContainerItemProxy */ = {
			isa = PBXContainerItemProxy;
			containerPortal = 680901F81B02EFF600EDD4F8 /* Project object */;
			proxyType = 1;
			remoteGlobalIDString = 680901FF1B02EFF600EDD4F8;
			remoteInfo = "XIS_ Architecture";
		};
/* End PBXContainerItemProxy section */

/* Begin PBXFileReference section */
		680902001B02EFF600EDD4F8 /* XIS_ Architecture.app */ = {isa = PBXFileReference; explicitFileType = wrapper.application; includeInIndex = 0; path = "XIS_ Architecture.app"; sourceTree = BUILT_PRODUCTS_DIR; };
		680902041B02EFF600EDD4F8 /* Info.plist */ = {isa = PBXFileReference; lastKnownFileType = text.plist.xml; path = Info.plist; sourceTree = "<group>"; };
		680902051B02EFF600EDD4F8 /* AppDelegate.swift */ = {isa = PBXFileReference; lastKnownFileType = sourcecode.swift; path = AppDelegate.swift; sourceTree = "<group>"; };
		680902081B02EFF600EDD4F8 /* XIS__Architecture.xcdatamodel */ = {isa = PBXFileReference; lastKnownFileType = wrapper.xcdatamodel; path = XIS__Architecture.xcdatamodel; sourceTree = "<group>"; };
		6809020F1B02EFF600EDD4F8 /* Images.xcassets */ = {isa = PBXFileReference; lastKnownFileType = folder.assetcatalog; path = Images.xcassets; sourceTree = "<group>"; };
		680902121B02EFF600EDD4F8 /* Base */ = {isa = PBXFileReference; lastKnownFileType = file.xib; name = Base; path = Base.lproj/LaunchScreen.xib; sourceTree = "<group>"; };
		680902181B02EFF600EDD4F8 /* XIS_ ArchitectureTests.xctest */ = {isa = PBXFileReference; explicitFileType = wrapper.cfbundle; includeInIndex = 0; path = "XIS_ ArchitectureTests.xctest"; sourceTree = BUILT_PRODUCTS_DIR; };
		6809021D1B02EFF600EDD4F8 /* Info.plist */ = {isa = PBXFileReference; lastKnownFileType = text.plist.xml; path = Info.plist; sourceTree = "<group>"; };
		6809021E1B02EFF600EDD4F8 /* XIS__ArchitectureTests.swift */ = {isa = PBXFileReference; lastKnownFileType = sourcecode.swift; path = XIS__ArchitectureTests.swift; sourceTree = "<group>"; };
		680902281B02F02400EDD4F8 /* XIS_ Architecture-Bridging-Header.h */ = {isa = PBXFileReference; lastKnownFileType = sourcecode.c.h; path = "XIS_ Architecture-Bridging-Header.h"; sourceTree = SOURCE_ROOT; };
		6809022E1B02F03B00EDD4F8 /* XISAdvancedViewController.h */ = {isa = PBXFileReference; fileEncoding = 4; lastKnownFileType = sourcecode.c.h; path = XISAdvancedViewController.h; sourceTree = "<group>"; };
		6809022F1B02F03B00EDD4F8 /* XISAdvancedViewController.m */ = {isa = PBXFileReference; fileEncoding = 4; lastKnownFileType = sourcecode.c.objc; path = XISAdvancedViewController.m; sourceTree = "<group>"; };
		680902301B02F03B00EDD4F8 /* XISBaseViewController.h */ = {isa = PBXFileReference; fileEncoding = 4; lastKnownFileType = sourcecode.c.h; path = XISBaseViewController.h; sourceTree = "<group>"; };
		680902311B02F03B00EDD4F8 /* XISBaseViewController.m */ = {isa = PBXFileReference; fileEncoding = 4; lastKnownFileType = sourcecode.c.objc; path = XISBaseViewController.m; sourceTree = "<group>"; };
		680902321B02F03B00EDD4F8 /* XISMiddleViewController.h */ = {isa = PBXFileReference; fileEncoding = 4; lastKnownFileType = sourcecode.c.h; path = XISMiddleViewController.h; sourceTree = "<group>"; };
		680902331B02F03B00EDD4F8 /* XISMiddleViewController.m */ = {isa = PBXFileReference; fileEncoding = 4; lastKnownFileType = sourcecode.c.objc; path = XISMiddleViewController.m; sourceTree = "<group>"; };
		680902341B02F03B00EDD4F8 /* ReadMe.swift */ = {isa = PBXFileReference; fileEncoding = 4; lastKnownFileType = sourcecode.swift; path = ReadMe.swift; sourceTree = "<group>"; };
		6809023E1B02F05A00EDD4F8 /* MenuViewController.swift */ = {isa = PBXFileReference; fileEncoding = 4; lastKnownFileType = sourcecode.swift; name = MenuViewController.swift; path = Architecture/MenuViewController.swift; sourceTree = "<group>"; };
		6809023F1B02F05A00EDD4F8 /* MyAccountViewController.swift */ = {isa = PBXFileReference; fileEncoding = 4; lastKnownFileType = sourcecode.swift; name = MyAccountViewController.swift; path = Architecture/MyAccountViewController.swift; sourceTree = "<group>"; };
		680902401B02F05A00EDD4F8 /* MyViewController.swift */ = {isa = PBXFileReference; fileEncoding = 4; lastKnownFileType = sourcecode.swift; name = MyViewController.swift; path = Architecture/MyViewController.swift; sourceTree = "<group>"; };
		680902411B02F05A00EDD4F8 /* SettingViewController.swift */ = {isa = PBXFileReference; fileEncoding = 4; lastKnownFileType = sourcecode.swift; name = SettingViewController.swift; path = Architecture/SettingViewController.swift; sourceTree = "<group>"; };
		680902421B02F05A00EDD4F8 /* WinningInformationViewController.swift */ = {isa = PBXFileReference; fileEncoding = 4; lastKnownFileType = sourcecode.swift; name = WinningInformationViewController.swift; path = Architecture/WinningInformationViewController.swift; sourceTree = "<group>"; };
		681F86021B02F375003F122D /* Main.storyboard */ = {isa = PBXFileReference; fileEncoding = 4; lastKnownFileType = file.storyboard; path = Main.storyboard; sourceTree = "<group>"; };
		68A485431B033F7F0053C9A0 /* BreakHTTP.h */ = {isa = PBXFileReference; fileEncoding = 4; lastKnownFileType = sourcecode.c.h; name = BreakHTTP.h; path = Tool/HTTP/BreakHTTP.h; sourceTree = "<group>"; };
		68A485441B033F7F0053C9A0 /* BreakHTTP.m */ = {isa = PBXFileReference; fileEncoding = 4; lastKnownFileType = sourcecode.c.objc; name = BreakHTTP.m; path = Tool/HTTP/BreakHTTP.m; sourceTree = "<group>"; };
		68A485451B033F7F0053C9A0 /* HTTPRequest.h */ = {isa = PBXFileReference; fileEncoding = 4; lastKnownFileType = sourcecode.c.h; name = HTTPRequest.h; path = Tool/HTTP/HTTPRequest.h; sourceTree = "<group>"; };
		68A485461B033F7F0053C9A0 /* HTTPRequest.m */ = {isa = PBXFileReference; fileEncoding = 4; lastKnownFileType = sourcecode.c.objc; name = HTTPRequest.m; path = Tool/HTTP/HTTPRequest.m; sourceTree = "<group>"; };
		68A485491B033F7F0053C9A0 /* MBOURLConnection.h */ = {isa = PBXFileReference; fileEncoding = 4; lastKnownFileType = sourcecode.c.h; name = MBOURLConnection.h; path = Tool/HTTP/MBOURLConnection.h; sourceTree = "<group>"; };
		68A4854A1B033F7F0053C9A0 /* MBOURLConnection.m */ = {isa = PBXFileReference; fileEncoding = 4; lastKnownFileType = sourcecode.c.objc; name = MBOURLConnection.m; path = Tool/HTTP/MBOURLConnection.m; sourceTree = "<group>"; };
		68A4854B1B033F7F0053C9A0 /* Reachability.h */ = {isa = PBXFileReference; fileEncoding = 4; lastKnownFileType = sourcecode.c.h; name = Reachability.h; path = Tool/HTTP/Reachability.h; sourceTree = "<group>"; };
		68A4854C1B033F7F0053C9A0 /* Reachability.m */ = {isa = PBXFileReference; fileEncoding = 4; lastKnownFileType = sourcecode.c.objc; name = Reachability.m; path = Tool/HTTP/Reachability.m; sourceTree = "<group>"; };
		68A485531B0340120053C9A0 /* XISBaseModel.h */ = {isa = PBXFileReference; fileEncoding = 4; lastKnownFileType = sourcecode.c.h; name = XISBaseModel.h; path = Model/XISBaseModel.h; sourceTree = "<group>"; };
		68A485541B0340120053C9A0 /* XISBaseModel.m */ = {isa = PBXFileReference; fileEncoding = 4; lastKnownFileType = sourcecode.c.objc; name = XISBaseModel.m; path = Model/XISBaseModel.m; sourceTree = "<group>"; };
		68A485591B0341300053C9A0 /* XISBaseView.h */ = {isa = PBXFileReference; fileEncoding = 4; lastKnownFileType = sourcecode.c.h; name = XISBaseView.h; path = "XIS_ Architecture/Architecture/View/XISBaseView.h"; sourceTree = SOURCE_ROOT; };
		68A4855A1B0341300053C9A0 /* XISBaseView.m */ = {isa = PBXFileReference; fileEncoding = 4; lastKnownFileType = sourcecode.c.objc; name = XISBaseView.m; path = "XIS_ Architecture/Architecture/View/XISBaseView.m"; sourceTree = SOURCE_ROOT; };
		68A4855C1B0341390053C9A0 /* ShowAlertView.h */ = {isa = PBXFileReference; fileEncoding = 4; lastKnownFileType = sourcecode.c.h; name = ShowAlertView.h; path = "XIS_ Architecture/Architecture/View/ShowAlertView.h"; sourceTree = SOURCE_ROOT; };
		68A4855D1B0341390053C9A0 /* ShowAlertView.m */ = {isa = PBXFileReference; fileEncoding = 4; lastKnownFileType = sourcecode.c.objc; name = ShowAlertView.m; path = "XIS_ Architecture/Architecture/View/ShowAlertView.m"; sourceTree = SOURCE_ROOT; };
		68FDF1F21B044D2E0034F8C1 /* XISGlobalModel.h */ = {isa = PBXFileReference; fileEncoding = 4; lastKnownFileType = sourcecode.c.h; name = XISGlobalModel.h; path = Model/XISGlobalModel.h; sourceTree = "<group>"; };
		68FDF1F31B044D2E0034F8C1 /* XISGlobalModel.m */ = {isa = PBXFileReference; fileEncoding = 4; lastKnownFileType = sourcecode.c.objc; name = XISGlobalModel.m; path = Model/XISGlobalModel.m; sourceTree = "<group>"; };
		68FDF1F41B044D2E0034F8C1 /* XISMemoModel.h */ = {isa = PBXFileReference; fileEncoding = 4; lastKnownFileType = sourcecode.c.h; name = XISMemoModel.h; path = Model/XISMemoModel.h; sourceTree = "<group>"; };
		68FDF1F51B044D2E0034F8C1 /* XISMemoModel.m */ = {isa = PBXFileReference; fileEncoding = 4; lastKnownFileType = sourcecode.c.objc; name = XISMemoModel.m; path = Model/XISMemoModel.m; sourceTree = "<group>"; };
		68FDF1F81B0452890034F8C1 /* XISHeaderFile.h */ = {isa = PBXFileReference; fileEncoding = 4; lastKnownFileType = sourcecode.c.h; path = XISHeaderFile.h; sourceTree = "<group>"; };
/* End PBXFileReference section */

/* Begin PBXFrameworksBuildPhase section */
		680901FD1B02EFF600EDD4F8 /* Frameworks */ = {
			isa = PBXFrameworksBuildPhase;
			buildActionMask = 2147483647;
			files = (
			);
			runOnlyForDeploymentPostprocessing = 0;
		};
		680902151B02EFF600EDD4F8 /* Frameworks */ = {
			isa = PBXFrameworksBuildPhase;
			buildActionMask = 2147483647;
			files = (
			);
			runOnlyForDeploymentPostprocessing = 0;
		};
/* End PBXFrameworksBuildPhase section */

/* Begin PBXGroup section */
		680901F71B02EFF600EDD4F8 = {
			isa = PBXGroup;
			children = (
				680902021B02EFF600EDD4F8 /* XIS_ Architecture */,
				6809021B1B02EFF600EDD4F8 /* XIS_ ArchitectureTests */,
				680902011B02EFF600EDD4F8 /* Products */,
			);
			sourceTree = "<group>";
		};
		680902011B02EFF600EDD4F8 /* Products */ = {
			isa = PBXGroup;
			children = (
				680902001B02EFF600EDD4F8 /* XIS_ Architecture.app */,
				680902181B02EFF600EDD4F8 /* XIS_ ArchitectureTests.xctest */,
			);
			name = Products;
			sourceTree = "<group>";
		};
		680902021B02EFF600EDD4F8 /* XIS_ Architecture */ = {
			isa = PBXGroup;
			children = (
				680902051B02EFF600EDD4F8 /* AppDelegate.swift */,
				680902281B02F02400EDD4F8 /* XIS_ Architecture-Bridging-Header.h */,
				681F86021B02F375003F122D /* Main.storyboard */,
				6809022C1B02F03B00EDD4F8 /* Architecture */,
				681F86051B02F8FB003F122D /* Views */,
				681F86041B02F8C4003F122D /* Controllers */,
				6809020F1B02EFF600EDD4F8 /* Images.xcassets */,
				680902111B02EFF600EDD4F8 /* LaunchScreen.xib */,
				680902071B02EFF600EDD4F8 /* XIS__Architecture.xcdatamodeld */,
				680902031B02EFF600EDD4F8 /* Supporting Files */,
			);
			path = "XIS_ Architecture";
			sourceTree = "<group>";
		};
		680902031B02EFF600EDD4F8 /* Supporting Files */ = {
			isa = PBXGroup;
			children = (
				680902041B02EFF600EDD4F8 /* Info.plist */,
			);
			name = "Supporting Files";
			sourceTree = "<group>";
		};
		6809021B1B02EFF600EDD4F8 /* XIS_ ArchitectureTests */ = {
			isa = PBXGroup;
			children = (
				6809021E1B02EFF600EDD4F8 /* XIS__ArchitectureTests.swift */,
				6809021C1B02EFF600EDD4F8 /* Supporting Files */,
			);
			path = "XIS_ ArchitectureTests";
			sourceTree = "<group>";
		};
		6809021C1B02EFF600EDD4F8 /* Supporting Files */ = {
			isa = PBXGroup;
			children = (
				6809021D1B02EFF600EDD4F8 /* Info.plist */,
			);
			name = "Supporting Files";
			sourceTree = "<group>";
		};
		6809022C1B02F03B00EDD4F8 /* Architecture */ = {
			isa = PBXGroup;
			children = (
				68FDF1F81B0452890034F8C1 /* XISHeaderFile.h */,
				680902341B02F03B00EDD4F8 /* ReadMe.swift */,
				68A485521B033FB50053C9A0 /* Model */,
				68A485411B033E710053C9A0 /* Tool */,
				6809022D1B02F03B00EDD4F8 /* Controller */,
				680902351B02F03B00EDD4F8 /* View */,
			);
			path = Architecture;
			sourceTree = "<group>";
		};
		6809022D1B02F03B00EDD4F8 /* Controller */ = {
			isa = PBXGroup;
			children = (
				6809022E1B02F03B00EDD4F8 /* XISAdvancedViewController.h */,
				6809022F1B02F03B00EDD4F8 /* XISAdvancedViewController.m */,
				680902301B02F03B00EDD4F8 /* XISBaseViewController.h */,
				680902311B02F03B00EDD4F8 /* XISBaseViewController.m */,
				680902321B02F03B00EDD4F8 /* XISMiddleViewController.h */,
				680902331B02F03B00EDD4F8 /* XISMiddleViewController.m */,
			);
			path = Controller;
			sourceTree = "<group>";
		};
		680902351B02F03B00EDD4F8 /* View */ = {
			isa = PBXGroup;
			children = (
				68A4855C1B0341390053C9A0 /* ShowAlertView.h */,
				68A4855D1B0341390053C9A0 /* ShowAlertView.m */,
				68A485591B0341300053C9A0 /* XISBaseView.h */,
				68A4855A1B0341300053C9A0 /* XISBaseView.m */,
			);
			name = View;
			path = Views;
			sourceTree = "<group>";
		};
		681F86041B02F8C4003F122D /* Controllers */ = {
			isa = PBXGroup;
			children = (
				6809023E1B02F05A00EDD4F8 /* MenuViewController.swift */,
				6809023F1B02F05A00EDD4F8 /* MyAccountViewController.swift */,
				680902401B02F05A00EDD4F8 /* MyViewController.swift */,
				680902411B02F05A00EDD4F8 /* SettingViewController.swift */,
				680902421B02F05A00EDD4F8 /* WinningInformationViewController.swift */,
			);
			name = Controllers;
			sourceTree = "<group>";
		};
		681F86051B02F8FB003F122D /* Views */ = {
			isa = PBXGroup;
			children = (
			);
			name = Views;
			sourceTree = "<group>";
		};
		68A485411B033E710053C9A0 /* Tool */ = {
			isa = PBXGroup;
			children = (
				68A485421B033E9B0053C9A0 /* HTTP */,
			);
			name = Tool;
			sourceTree = "<group>";
		};
		68A485421B033E9B0053C9A0 /* HTTP */ = {
			isa = PBXGroup;
			children = (
				68A485431B033F7F0053C9A0 /* BreakHTTP.h */,
				68A485441B033F7F0053C9A0 /* BreakHTTP.m */,
				68A485451B033F7F0053C9A0 /* HTTPRequest.h */,
				68A485461B033F7F0053C9A0 /* HTTPRequest.m */,
				68A485491B033F7F0053C9A0 /* MBOURLConnection.h */,
				68A4854A1B033F7F0053C9A0 /* MBOURLConnection.m */,
				68A4854B1B033F7F0053C9A0 /* Reachability.h */,
				68A4854C1B033F7F0053C9A0 /* Reachability.m */,
			);
			name = HTTP;
			sourceTree = "<group>";
		};
		68A485521B033FB50053C9A0 /* Model */ = {
			isa = PBXGroup;
			children = (
				68FDF1F21B044D2E0034F8C1 /* XISGlobalModel.h */,
				68FDF1F31B044D2E0034F8C1 /* XISGlobalModel.m */,
				68FDF1F41B044D2E0034F8C1 /* XISMemoModel.h */,
				68FDF1F51B044D2E0034F8C1 /* XISMemoModel.m */,
				68A485531B0340120053C9A0 /* XISBaseModel.h */,
				68A485541B0340120053C9A0 /* XISBaseModel.m */,
			);
			name = Model;
			sourceTree = "<group>";
		};
/* End PBXGroup section */

/* Begin PBXNativeTarget section */
		680901FF1B02EFF600EDD4F8 /* XIS_ Architecture */ = {
			isa = PBXNativeTarget;
			buildConfigurationList = 680902221B02EFF600EDD4F8 /* Build configuration list for PBXNativeTarget "XIS_ Architecture" */;
			buildPhases = (
				680901FC1B02EFF600EDD4F8 /* Sources */,
				680901FD1B02EFF600EDD4F8 /* Frameworks */,
				680901FE1B02EFF600EDD4F8 /* Resources */,
			);
			buildRules = (
			);
			dependencies = (
			);
			name = "XIS_ Architecture";
			productName = "XIS_ Architecture";
			productReference = 680902001B02EFF600EDD4F8 /* XIS_ Architecture.app */;
			productType = "com.apple.product-type.application";
		};
		680902171B02EFF600EDD4F8 /* XIS_ ArchitectureTests */ = {
			isa = PBXNativeTarget;
			buildConfigurationList = 680902251B02EFF600EDD4F8 /* Build configuration list for PBXNativeTarget "XIS_ ArchitectureTests" */;
			buildPhases = (
				680902141B02EFF600EDD4F8 /* Sources */,
				680902151B02EFF600EDD4F8 /* Frameworks */,
				680902161B02EFF600EDD4F8 /* Resources */,
			);
			buildRules = (
			);
			dependencies = (
				6809021A1B02EFF600EDD4F8 /* PBXTargetDependency */,
			);
			name = "XIS_ ArchitectureTests";
			productName = "XIS_ ArchitectureTests";
			productReference = 680902181B02EFF600EDD4F8 /* XIS_ ArchitectureTests.xctest */;
			productType = "com.apple.product-type.bundle.unit-test";
		};
/* End PBXNativeTarget section */

/* Begin PBXProject section */
		680901F81B02EFF600EDD4F8 /* Project object */ = {
			isa = PBXProject;
			attributes = {
				LastUpgradeCheck = 0630;
				ORGANIZATIONNAME = kt;
				TargetAttributes = {
					680901FF1B02EFF600EDD4F8 = {
						CreatedOnToolsVersion = 6.3;
					};
					680902171B02EFF600EDD4F8 = {
						CreatedOnToolsVersion = 6.3;
						TestTargetID = 680901FF1B02EFF600EDD4F8;
					};
				};
			};
			buildConfigurationList = 680901FB1B02EFF600EDD4F8 /* Build configuration list for PBXProject "XIS_ Architecture" */;
			compatibilityVersion = "Xcode 3.2";
			developmentRegion = English;
			hasScannedForEncodings = 0;
			knownRegions = (
				en,
				Base,
			);
			mainGroup = 680901F71B02EFF600EDD4F8;
			productRefGroup = 680902011B02EFF600EDD4F8 /* Products */;
			projectDirPath = "";
			projectRoot = "";
			targets = (
				680901FF1B02EFF600EDD4F8 /* XIS_ Architecture */,
				680902171B02EFF600EDD4F8 /* XIS_ ArchitectureTests */,
			);
		};
/* End PBXProject section */

/* Begin PBXResourcesBuildPhase section */
		680901FE1B02EFF600EDD4F8 /* Resources */ = {
			isa = PBXResourcesBuildPhase;
			buildActionMask = 2147483647;
			files = (
				681F86031B02F375003F122D /* Main.storyboard in Resources */,
				680902131B02EFF600EDD4F8 /* LaunchScreen.xib in Resources */,
				680902101B02EFF600EDD4F8 /* Images.xcassets in Resources */,
			);
			runOnlyForDeploymentPostprocessing = 0;
		};
		680902161B02EFF600EDD4F8 /* Resources */ = {
			isa = PBXResourcesBuildPhase;
			buildActionMask = 2147483647;
			files = (
			);
			runOnlyForDeploymentPostprocessing = 0;
		};
/* End PBXResourcesBuildPhase section */

/* Begin PBXSourcesBuildPhase section */
		680901FC1B02EFF600EDD4F8 /* Sources */ = {
			isa = PBXSourcesBuildPhase;
			buildActionMask = 2147483647;
			files = (
				680902061B02EFF600EDD4F8 /* AppDelegate.swift in Sources */,
				680902441B02F05A00EDD4F8 /* MyAccountViewController.swift in Sources */,
				6809023A1B02F03B00EDD4F8 /* XISBaseViewController.m in Sources */,
				68A4855B1B0341300053C9A0 /* XISBaseView.m in Sources */,
				68A4855E1B0341390053C9A0 /* ShowAlertView.m in Sources */,
				68FDF1F71B044D2E0034F8C1 /* XISMemoModel.m in Sources */,
				680902431B02F05A00EDD4F8 /* MenuViewController.swift in Sources */,
				68A4854E1B033F7F0053C9A0 /* HTTPRequest.m in Sources */,
				680902091B02EFF600EDD4F8 /* XIS__Architecture.xcdatamodeld in Sources */,
				680902471B02F05A00EDD4F8 /* WinningInformationViewController.swift in Sources */,
				6809023B1B02F03B00EDD4F8 /* XISMiddleViewController.m in Sources */,
				6809023C1B02F03B00EDD4F8 /* ReadMe.swift in Sources */,
				68FDF1F61B044D2E0034F8C1 /* XISGlobalModel.m in Sources */,
				680902391B02F03B00EDD4F8 /* XISAdvancedViewController.m in Sources */,
				68A4854D1B033F7F0053C9A0 /* BreakHTTP.m in Sources */,
				680902451B02F05A00EDD4F8 /* MyViewController.swift in Sources */,
				68A485501B033F7F0053C9A0 /* MBOURLConnection.m in Sources */,
				680902461B02F05A00EDD4F8 /* SettingViewController.swift in Sources */,
				68A485551B0340120053C9A0 /* XISBaseModel.m in Sources */,
				68A485511B033F7F0053C9A0 /* Reachability.m in Sources */,
			);
			runOnlyForDeploymentPostprocessing = 0;
		};
		680902141B02EFF600EDD4F8 /* Sources */ = {
			isa = PBXSourcesBuildPhase;
			buildActionMask = 2147483647;
			files = (
				6809021F1B02EFF600EDD4F8 /* XIS__ArchitectureTests.swift in Sources */,
			);
			runOnlyForDeploymentPostprocessing = 0;
		};
/* End PBXSourcesBuildPhase section */

/* Begin PBXTargetDependency section */
		6809021A1B02EFF600EDD4F8 /* PBXTargetDependency */ = {
			isa = PBXTargetDependency;
			target = 680901FF1B02EFF600EDD4F8 /* XIS_ Architecture */;
			targetProxy = 680902191B02EFF600EDD4F8 /* PBXContainerItemProxy */;
		};
/* End PBXTargetDependency section */

/* Begin PBXVariantGroup section */
		680902111B02EFF600EDD4F8 /* LaunchScreen.xib */ = {
			isa = PBXVariantGroup;
			children = (
				680902121B02EFF600EDD4F8 /* Base */,
			);
			name = LaunchScreen.xib;
			sourceTree = "<group>";
		};
/* End PBXVariantGroup section */

/* Begin XCBuildConfiguration section */
		680902201B02EFF600EDD4F8 /* Debug */ = {
			isa = XCBuildConfiguration;
			buildSettings = {
				ALWAYS_SEARCH_USER_PATHS = NO;
				CLANG_CXX_LANGUAGE_STANDARD = "gnu++0x";
				CLANG_CXX_LIBRARY = "libc++";
				CLANG_ENABLE_MODULES = YES;
				CLANG_ENABLE_OBJC_ARC = YES;
				CLANG_WARN_BOOL_CONVERSION = YES;
				CLANG_WARN_CONSTANT_CONVERSION = YES;
				CLANG_WARN_DIRECT_OBJC_ISA_USAGE = YES_ERROR;
				CLANG_WARN_EMPTY_BODY = YES;
				CLANG_WARN_ENUM_CONVERSION = YES;
				CLANG_WARN_INT_CONVERSION = YES;
				CLANG_WARN_OBJC_ROOT_CLASS = YES_ERROR;
				CLANG_WARN_UNREACHABLE_CODE = YES;
				CLANG_WARN__DUPLICATE_METHOD_MATCH = YES;
				"CODE_SIGN_IDENTITY[sdk=iphoneos*]" = "iPhone Developer";
				COPY_PHASE_STRIP = NO;
				DEBUG_INFORMATION_FORMAT = "dwarf-with-dsym";
				ENABLE_STRICT_OBJC_MSGSEND = YES;
				GCC_C_LANGUAGE_STANDARD = gnu99;
				GCC_DYNAMIC_NO_PIC = NO;
				GCC_NO_COMMON_BLOCKS = YES;
				GCC_OPTIMIZATION_LEVEL = 0;
				GCC_PREPROCESSOR_DEFINITIONS = (
					"DEBUG=1",
					"$(inherited)",
				);
				GCC_SYMBOLS_PRIVATE_EXTERN = NO;
				GCC_WARN_64_TO_32_BIT_CONVERSION = YES;
				GCC_WARN_ABOUT_RETURN_TYPE = YES_ERROR;
				GCC_WARN_UNDECLARED_SELECTOR = YES;
				GCC_WARN_UNINITIALIZED_AUTOS = YES_AGGRESSIVE;
				GCC_WARN_UNUSED_FUNCTION = YES;
				GCC_WARN_UNUSED_VARIABLE = YES;
				IPHONEOS_DEPLOYMENT_TARGET = 8.3;
				MTL_ENABLE_DEBUG_INFO = YES;
				ONLY_ACTIVE_ARCH = YES;
				SDKROOT = iphoneos;
				SWIFT_OPTIMIZATION_LEVEL = "-Onone";
			};
			name = Debug;
		};
		680902211B02EFF600EDD4F8 /* Release */ = {
			isa = XCBuildConfiguration;
			buildSettings = {
				ALWAYS_SEARCH_USER_PATHS = NO;
				CLANG_CXX_LANGUAGE_STANDARD = "gnu++0x";
				CLANG_CXX_LIBRARY = "libc++";
				CLANG_ENABLE_MODULES = YES;
				CLANG_ENABLE_OBJC_ARC = YES;
				CLANG_WARN_BOOL_CONVERSION = YES;
				CLANG_WARN_CONSTANT_CONVERSION = YES;
				CLANG_WARN_DIRECT_OBJC_ISA_USAGE = YES_ERROR;
				CLANG_WARN_EMPTY_BODY = YES;
				CLANG_WARN_ENUM_CONVERSION = YES;
				CLANG_WARN_INT_CONVERSION = YES;
				CLANG_WARN_OBJC_ROOT_CLASS = YES_ERROR;
				CLANG_WARN_UNREACHABLE_CODE = YES;
				CLANG_WARN__DUPLICATE_METHOD_MATCH = YES;
				"CODE_SIGN_IDENTITY[sdk=iphoneos*]" = "iPhone Developer";
				COPY_PHASE_STRIP = NO;
				DEBUG_INFORMATION_FORMAT = "dwarf-with-dsym";
				ENABLE_NS_ASSERTIONS = NO;
				ENABLE_STRICT_OBJC_MSGSEND = YES;
				GCC_C_LANGUAGE_STANDARD = gnu99;
				GCC_NO_COMMON_BLOCKS = YES;
				GCC_WARN_64_TO_32_BIT_CONVERSION = YES;
				GCC_WARN_ABOUT_RETURN_TYPE = YES_ERROR;
				GCC_WARN_UNDECLARED_SELECTOR = YES;
				GCC_WARN_UNINITIALIZED_AUTOS = YES_AGGRESSIVE;
				GCC_WARN_UNUSED_FUNCTION = YES;
				GCC_WARN_UNUSED_VARIABLE = YES;
				IPHONEOS_DEPLOYMENT_TARGET = 8.3;
				MTL_ENABLE_DEBUG_INFO = NO;
				SDKROOT = iphoneos;
				VALIDATE_PRODUCT = YES;
			};
			name = Release;
		};
		680902231B02EFF600EDD4F8 /* Debug */ = {
			isa = XCBuildConfiguration;
			buildSettings = {
				ASSETCATALOG_COMPILER_APPICON_NAME = AppIcon;
				CLANG_ENABLE_MODULES = YES;
				INFOPLIST_FILE = "XIS_ Architecture/Info.plist";
				LD_RUNPATH_SEARCH_PATHS = "$(inherited) @executable_path/Frameworks";
				PRODUCT_NAME = "$(TARGET_NAME)";
				SWIFT_OBJC_BRIDGING_HEADER = "XIS_ Architecture-Bridging-Header.h";
				SWIFT_OPTIMIZATION_LEVEL = "-Onone";
			};
			name = Debug;
		};
		680902241B02EFF600EDD4F8 /* Release */ = {
			isa = XCBuildConfiguration;
			buildSettings = {
				ASSETCATALOG_COMPILER_APPICON_NAME = AppIcon;
				CLANG_ENABLE_MODULES = YES;
				INFOPLIST_FILE = "XIS_ Architecture/Info.plist";
				LD_RUNPATH_SEARCH_PATHS = "$(inherited) @executable_path/Frameworks";
				PRODUCT_NAME = "$(TARGET_NAME)";
				SWIFT_OBJC_BRIDGING_HEADER = "XIS_ Architecture-Bridging-Header.h";
			};
			name = Release;
		};
		680902261B02EFF600EDD4F8 /* Debug */ = {
			isa = XCBuildConfiguration;
			buildSettings = {
				BUNDLE_LOADER = "$(TEST_HOST)";
				FRAMEWORK_SEARCH_PATHS = (
					"$(SDKROOT)/Developer/Library/Frameworks",
					"$(inherited)",
				);
				GCC_PREPROCESSOR_DEFINITIONS = (
					"DEBUG=1",
					"$(inherited)",
				);
				INFOPLIST_FILE = "XIS_ ArchitectureTests/Info.plist";
				LD_RUNPATH_SEARCH_PATHS = "$(inherited) @executable_path/Frameworks @loader_path/Frameworks";
				PRODUCT_NAME = "$(TARGET_NAME)";
				TEST_HOST = "$(BUILT_PRODUCTS_DIR)/XIS_ Architecture.app/XIS_ Architecture";
			};
			name = Debug;
		};
		680902271B02EFF600EDD4F8 /* Release */ = {
			isa = XCBuildConfiguration;
			buildSettings = {
				BUNDLE_LOADER = "$(TEST_HOST)";
				FRAMEWORK_SEARCH_PATHS = (
					"$(SDKROOT)/Developer/Library/Frameworks",
					"$(inherited)",
				);
				INFOPLIST_FILE = "XIS_ ArchitectureTests/Info.plist";
				LD_RUNPATH_SEARCH_PATHS = "$(inherited) @executable_path/Frameworks @loader_path/Frameworks";
				PRODUCT_NAME = "$(TARGET_NAME)";
				TEST_HOST = "$(BUILT_PRODUCTS_DIR)/XIS_ Architecture.app/XIS_ Architecture";
			};
			name = Release;
		};
/* End XCBuildConfiguration section */

/* Begin XCConfigurationList section */
		680901FB1B02EFF600EDD4F8 /* Build configuration list for PBXProject "XIS_ Architecture" */ = {
			isa = XCConfigurationList;
			buildConfigurations = (
				680902201B02EFF600EDD4F8 /* Debug */,
				680902211B02EFF600EDD4F8 /* Release */,
			);
			defaultConfigurationIsVisible = 0;
			defaultConfigurationName = Release;
		};
		680902221B02EFF600EDD4F8 /* Build configuration list for PBXNativeTarget "XIS_ Architecture" */ = {
			isa = XCConfigurationList;
			buildConfigurations = (
				680902231B02EFF600EDD4F8 /* Debug */,
				680902241B02EFF600EDD4F8 /* Release */,
			);
			defaultConfigurationIsVisible = 0;
			defaultConfigurationName = Release;
		};
		680902251B02EFF600EDD4F8 /* Build configuration list for PBXNativeTarget "XIS_ ArchitectureTests" */ = {
			isa = XCConfigurationList;
			buildConfigurations = (
				680902261B02EFF600EDD4F8 /* Debug */,
				680902271B02EFF600EDD4F8 /* Release */,
			);
			defaultConfigurationIsVisible = 0;
			defaultConfigurationName = Release;
		};
/* End XCConfigurationList section */

/* Begin XCVersionGroup section */
		680902071B02EFF600EDD4F8 /* XIS__Architecture.xcdatamodeld */ = {
			isa = XCVersionGroup;
			children = (
				680902081B02EFF600EDD4F8 /* XIS__Architecture.xcdatamodel */,
			);
			currentVersion = 680902081B02EFF600EDD4F8 /* XIS__Architecture.xcdatamodel */;
			path = XIS__Architecture.xcdatamodeld;
			sourceTree = "<group>";
			versionGroupType = wrapper.xcdatamodel;
		};
/* End XCVersionGroup section */
	};
	rootObject = 680901F81B02EFF600EDD4F8 /* Project object */;
}
