// !$*UTF8*$!
{
	archiveVersion = 1;
	classes = {
	};
	objectVersion = 46;
	objects = {

/* Begin PBXBuildFile section */
		680902061B02EFF600EDD4F8 /* AppDelegate.swift in Sources */ = {isa = PBXBuildFile; fileRef = 680902051B02EFF600EDD4F8 /* AppDelegate.swift */; };
		680902091B02EFF600EDD4F8 /* XIS__Architecture.xcdatamodeld in Sources */ = {isa = PBXBuildFile; fileRef = 680902071B02EFF600EDD4F8 /* XIS__Architecture.xcdatamodeld */; };
		6809020B1B02EFF600EDD4F8 /* ViewController.swift in Sources */ = {isa = PBXBuildFile; fileRef = 6809020A1B02EFF600EDD4F8 /* ViewController.swift */; };
		6809020E1B02EFF600EDD4F8 /* Main.storyboard in Resources */ = {isa = PBXBuildFile; fileRef = 6809020C1B02EFF600EDD4F8 /* Main.storyboard */; };
		680902101B02EFF600EDD4F8 /* Images.xcassets in Resources */ = {isa = PBXBuildFile; fileRef = 6809020F1B02EFF600EDD4F8 /* Images.xcassets */; };
		680902131B02EFF600EDD4F8 /* LaunchScreen.xib in Resources */ = {isa = PBXBuildFile; fileRef = 680902111B02EFF600EDD4F8 /* LaunchScreen.xib */; };
		6809021F1B02EFF600EDD4F8 /* XIS__ArchitectureTests.swift in Sources */ = {isa = PBXBuildFile; fileRef = 6809021E1B02EFF600EDD4F8 /* XIS__ArchitectureTests.swift */; };
/* End PBXBuildFile section */

/* Begin PBXContainerItemProxy section */
		680902191B02EFF600EDD4F8 /* PBXContainerItemProxy */ = {
			isa = PBXContainerItemProxy;
			containerPortal = 680901F81B02EFF600EDD4F8 /* Project object */;
			proxyType = 1;
			remoteGlobalIDString = 680901FF1B02EFF600EDD4F8;
			remoteInfo = "XIS_ Architecture";
		};
/* End PBXContainerItemProxy section */

/* Begin PBXFileReference section */
		680902001B02EFF600EDD4F8 /* XIS_ Architecture.app */ = {isa = PBXFileReference; explicitFileType = wrapper.application; includeInIndex = 0; path = "XIS_ Architecture.app"; sourceTree = BUILT_PRODUCTS_DIR; };
		680902041B02EFF600EDD4F8 /* Info.plist */ = {isa = PBXFileReference; lastKnownFileType = text.plist.xml; path = Info.plist; sourceTree = "<group>"; };
		680902051B02EFF600EDD4F8 /* AppDelegate.swift */ = {isa = PBXFileReference; lastKnownFileType = sourcecode.swift; path = AppDelegate.swift; sourceTree = "<group>"; };
		680902081B02EFF600EDD4F8 /* XIS__Architecture.xcdatamodel */ = {isa = PBXFileReference; lastKnownFileType = wrapper.xcdatamodel; path = XIS__Architecture.xcdatamodel; sourceTree = "<group>"; };
		6809020A1B02EFF600EDD4F8 /* ViewController.swift */ = {isa = PBXFileReference; lastKnownFileType = sourcecode.swift; path = ViewController.swift; sourceTree = "<group>"; };
		6809020D1B02EFF600EDD4F8 /* Base */ = {isa = PBXFileReference; lastKnownFileType = file.storyboard; name = Base; path = Base.lproj/Main.storyboard; sourceTree = "<group>"; };
		6809020F1B02EFF600EDD4F8 /* Images.xcassets */ = {isa = PBXFileReference; lastKnownFileType = folder.assetcatalog; path = Images.xcassets; sourceTree = "<group>"; };
		680902121B02EFF600EDD4F8 /* Base */ = {isa = PBXFileReference; lastKnownFileType = file.xib; name = Base; path = Base.lproj/LaunchScreen.xib; sourceTree = "<group>"; };
		680902181B02EFF600EDD4F8 /* XIS_ ArchitectureTests.xctest */ = {isa = PBXFileReference; explicitFileType = wrapper.cfbundle; includeInIndex = 0; path = "XIS_ ArchitectureTests.xctest"; sourceTree = BUILT_PRODUCTS_DIR; };
		6809021D1B02EFF600EDD4F8 /* Info.plist */ = {isa = PBXFileReference; lastKnownFileType = text.plist.xml; path = Info.plist; sourceTree = "<group>"; };
		6809021E1B02EFF600EDD4F8 /* XIS__ArchitectureTests.swift */ = {isa = PBXFileReference; lastKnownFileType = sourcecode.swift; path = XIS__ArchitectureTests.swift; sourceTree = "<group>"; };
/* End PBXFileReference section */

/* Begin PBXFrameworksBuildPhase section */
		680901FD1B02EFF600EDD4F8 /* Frameworks */ = {
			isa = PBXFrameworksBuildPhase;
			buildActionMask = 2147483647;
			files = (
			);
			runOnlyForDeploymentPostprocessing = 0;
		};
		680902151B02EFF600EDD4F8 /* Frameworks */ = {
			isa = PBXFrameworksBuildPhase;
			buildActionMask = 2147483647;
			files = (
			);
			runOnlyForDeploymentPostprocessing = 0;
		};
/* End PBXFrameworksBuildPhase section */

/* Begin PBXGroup section */
		680901F71B02EFF600EDD4F8 = {
			isa = PBXGroup;
			children = (
				680902021B02EFF600EDD4F8 /* XIS_ Architecture */,
				6809021B1B02EFF600EDD4F8 /* XIS_ ArchitectureTests */,
				680902011B02EFF600EDD4F8 /* Products */,
			);
			sourceTree = "<group>";
		};
		680902011B02EFF600EDD4F8 /* Products */ = {
			isa = PBXGroup;
			children = (
				680902001B02EFF600EDD4F8 /* XIS_ Architecture.app */,
				680902181B02EFF600EDD4F8 /* XIS_ ArchitectureTests.xctest */,
			);
			name = Products;
			sourceTree = "<group>";
		};
		680902021B02EFF600EDD4F8 /* XIS_ Architecture */ = {
			isa = PBXGroup;
			children = (
				680902051B02EFF600EDD4F8 /* AppDelegate.swift */,
				6809020A1B02EFF600EDD4F8 /* ViewController.swift */,
				6809020C1B02EFF600EDD4F8 /* Main.storyboard */,
				6809020F1B02EFF600EDD4F8 /* Images.xcassets */,
				680902111B02EFF600EDD4F8 /* LaunchScreen.xib */,
				680902071B02EFF600EDD4F8 /* XIS__Architecture.xcdatamodeld */,
				680902031B02EFF600EDD4F8 /* Supporting Files */,
			);
			path = "XIS_ Architecture";
			sourceTree = "<group>";
		};
		680902031B02EFF600EDD4F8 /* Supporting Files */ = {
			isa = PBXGroup;
			children = (
				680902041B02EFF600EDD4F8 /* Info.plist */,
			);
			name = "Supporting Files";
			sourceTree = "<group>";
		};
		6809021B1B02EFF600EDD4F8 /* XIS_ ArchitectureTests */ = {
			isa = PBXGroup;
			children = (
				6809021E1B02EFF600EDD4F8 /* XIS__ArchitectureTests.swift */,
				6809021C1B02EFF600EDD4F8 /* Supporting Files */,
			);
			path = "XIS_ ArchitectureTests";
			sourceTree = "<group>";
		};
		6809021C1B02EFF600EDD4F8 /* Supporting Files */ = {
			isa = PBXGroup;
			children = (
				6809021D1B02EFF600EDD4F8 /* Info.plist */,
			);
			name = "Supporting Files";
			sourceTree = "<group>";
		};
/* End PBXGroup section */

/* Begin PBXNativeTarget section */
		680901FF1B02EFF600EDD4F8 /* XIS_ Architecture */ = {
			isa = PBXNativeTarget;
			buildConfigurationList = 680902221B02EFF600EDD4F8 /* Build configuration list for PBXNativeTarget "XIS_ Architecture" */;
			buildPhases = (
				680901FC1B02EFF600EDD4F8 /* Sources */,
				680901FD1B02EFF600EDD4F8 /* Frameworks */,
				680901FE1B02EFF600EDD4F8 /* Resources */,
			);
			buildRules = (
			);
			dependencies = (
			);
			name = "XIS_ Architecture";
			productName = "XIS_ Architecture";
			productReference = 680902001B02EFF600EDD4F8 /* XIS_ Architecture.app */;
			productType = "com.apple.product-type.application";
		};
		680902171B02EFF600EDD4F8 /* XIS_ ArchitectureTests */ = {
			isa = PBXNativeTarget;
			buildConfigurationList = 680902251B02EFF600EDD4F8 /* Build configuration list for PBXNativeTarget "XIS_ ArchitectureTests" */;
			buildPhases = (
				680902141B02EFF600EDD4F8 /* Sources */,
				680902151B02EFF600EDD4F8 /* Frameworks */,
				680902161B02EFF600EDD4F8 /* Resources */,
			);
			buildRules = (
			);
			dependencies = (
				6809021A1B02EFF600EDD4F8 /* PBXTargetDependency */,
			);
			name = "XIS_ ArchitectureTests";
			productName = "XIS_ ArchitectureTests";
			productReference = 680902181B02EFF600EDD4F8 /* XIS_ ArchitectureTests.xctest */;
			productType = "com.apple.product-type.bundle.unit-test";
		};
/* End PBXNativeTarget section */

/* Begin PBXProject section */
		680901F81B02EFF600EDD4F8 /* Project object */ = {
			isa = PBXProject;
			attributes = {
				LastUpgradeCheck = 0630;
				ORGANIZATIONNAME = kt;
				TargetAttributes = {
					680901FF1B02EFF600EDD4F8 = {
						CreatedOnToolsVersion = 6.3;
					};
					680902171B02EFF600EDD4F8 = {
						CreatedOnToolsVersion = 6.3;
						TestTargetID = 680901FF1B02EFF600EDD4F8;
					};
				};
			};
			buildConfigurationList = 680901FB1B02EFF600EDD4F8 /* Build configuration list for PBXProject "XIS_ Architecture" */;
			compatibilityVersion = "Xcode 3.2";
			developmentRegion = English;
			hasScannedForEncodings = 0;
			knownRegions = (
				en,
				Base,
			);
			mainGroup = 680901F71B02EFF600EDD4F8;
			productRefGroup = 680902011B02EFF600EDD4F8 /* Products */;
			projectDirPath = "";
			projectRoot = "";
			targets = (
				680901FF1B02EFF600EDD4F8 /* XIS_ Architecture */,
				680902171B02EFF600EDD4F8 /* XIS_ ArchitectureTests */,
			);
		};
/* End PBXProject section */

/* Begin PBXResourcesBuildPhase section */
		680901FE1B02EFF600EDD4F8 /* Resources */ = {
			isa = PBXResourcesBuildPhase;
			buildActionMask = 2147483647;
			files = (
				6809020E1B02EFF600EDD4F8 /* Main.storyboard in Resources */,
				680902131B02EFF600EDD4F8 /* LaunchScreen.xib in Resources */,
				680902101B02EFF600EDD4F8 /* Images.xcassets in Resources */,
			);
			runOnlyForDeploymentPostprocessing = 0;
		};
		680902161B02EFF600EDD4F8 /* Resources */ = {
			isa = PBXResourcesBuildPhase;
			buildActionMask = 2147483647;
			files = (
			);
			runOnlyForDeploymentPostprocessing = 0;
		};
/* End PBXResourcesBuildPhase section */

/* Begin PBXSourcesBuildPhase section */
		680901FC1B02EFF600EDD4F8 /* Sources */ = {
			isa = PBXSourcesBuildPhase;
			buildActionMask = 2147483647;
			files = (
				6809020B1B02EFF600EDD4F8 /* ViewController.swift in Sources */,
				680902061B02EFF600EDD4F8 /* AppDelegate.swift in Sources */,
				680902091B02EFF600EDD4F8 /* XIS__Architecture.xcdatamodeld in Sources */,
			);
			runOnlyForDeploymentPostprocessing = 0;
		};
		680902141B02EFF600EDD4F8 /* Sources */ = {
			isa = PBXSourcesBuildPhase;
			buildActionMask = 2147483647;
			files = (
				6809021F1B02EFF600EDD4F8 /* XIS__ArchitectureTests.swift in Sources */,
			);
			runOnlyForDeploymentPostprocessing = 0;
		};
/* End PBXSourcesBuildPhase section */

/* Begin PBXTargetDependency section */
		6809021A1B02EFF600EDD4F8 /* PBXTargetDependency */ = {
			isa = PBXTargetDependency;
			target = 680901FF1B02EFF600EDD4F8 /* XIS_ Architecture */;
			targetProxy = 680902191B02EFF600EDD4F8 /* PBXContainerItemProxy */;
		};
/* End PBXTargetDependency section */

/* Begin PBXVariantGroup section */
		6809020C1B02EFF600EDD4F8 /* Main.storyboard */ = {
			isa = PBXVariantGroup;
			children = (
				6809020D1B02EFF600EDD4F8 /* Base */,
			);
			name = Main.storyboard;
			sourceTree = "<group>";
		};
		680902111B02EFF600EDD4F8 /* LaunchScreen.xib */ = {
			isa = PBXVariantGroup;
			children = (
				680902121B02EFF600EDD4F8 /* Base */,
			);
			name = LaunchScreen.xib;
			sourceTree = "<group>";
		};
/* End PBXVariantGroup section */

/* Begin XCBuildConfiguration section */
		680902201B02EFF600EDD4F8 /* Debug */ = {
			isa = XCBuildConfiguration;
			buildSettings = {
				ALWAYS_SEARCH_USER_PATHS = NO;
				CLANG_CXX_LANGUAGE_STANDARD = "gnu++0x";
				CLANG_CXX_LIBRARY = "libc++";
				CLANG_ENABLE_MODULES = YES;
				CLANG_ENABLE_OBJC_ARC = YES;
				CLANG_WARN_BOOL_CONVERSION = YES;
				CLANG_WARN_CONSTANT_CONVERSION = YES;
				CLANG_WARN_DIRECT_OBJC_ISA_USAGE = YES_ERROR;
				CLANG_WARN_EMPTY_BODY = YES;
				CLANG_WARN_ENUM_CONVERSION = YES;
				CLANG_WARN_INT_CONVERSION = YES;
				CLANG_WARN_OBJC_ROOT_CLASS = YES_ERROR;
				CLANG_WARN_UNREACHABLE_CODE = YES;
				CLANG_WARN__DUPLICATE_METHOD_MATCH = YES;
				"CODE_SIGN_IDENTITY[sdk=iphoneos*]" = "iPhone Developer";
				COPY_PHASE_STRIP = NO;
				DEBUG_INFORMATION_FORMAT = "dwarf-with-dsym";
				ENABLE_STRICT_OBJC_MSGSEND = YES;
				GCC_C_LANGUAGE_STANDARD = gnu99;
				GCC_DYNAMIC_NO_PIC = NO;
				GCC_NO_COMMON_BLOCKS = YES;
				GCC_OPTIMIZATION_LEVEL = 0;
				GCC_PREPROCESSOR_DEFINITIONS = (
					"DEBUG=1",
					"$(inherited)",
				);
				GCC_SYMBOLS_PRIVATE_EXTERN = NO;
				GCC_WARN_64_TO_32_BIT_CONVERSION = YES;
				GCC_WARN_ABOUT_RETURN_TYPE = YES_ERROR;
				GCC_WARN_UNDECLARED_SELECTOR = YES;
				GCC_WARN_UNINITIALIZED_AUTOS = YES_AGGRESSIVE;
				GCC_WARN_UNUSED_FUNCTION = YES;
				GCC_WARN_UNUSED_VARIABLE = YES;
				IPHONEOS_DEPLOYMENT_TARGET = 8.3;
				MTL_ENABLE_DEBUG_INFO = YES;
				ONLY_ACTIVE_ARCH = YES;
				SDKROOT = iphoneos;
				SWIFT_OPTIMIZATION_LEVEL = "-Onone";
			};
			name = Debug;
		};
		680902211B02EFF600EDD4F8 /* Release */ = {
			isa = XCBuildConfiguration;
			buildSettings = {
				ALWAYS_SEARCH_USER_PATHS = NO;
				CLANG_CXX_LANGUAGE_STANDARD = "gnu++0x";
				CLANG_CXX_LIBRARY = "libc++";
				CLANG_ENABLE_MODULES = YES;
				CLANG_ENABLE_OBJC_ARC = YES;
				CLANG_WARN_BOOL_CONVERSION = YES;
				CLANG_WARN_CONSTANT_CONVERSION = YES;
				CLANG_WARN_DIRECT_OBJC_ISA_USAGE = YES_ERROR;
				CLANG_WARN_EMPTY_BODY = YES;
				CLANG_WARN_ENUM_CONVERSION = YES;
				CLANG_WARN_INT_CONVERSION = YES;
				CLANG_WARN_OBJC_ROOT_CLASS = YES_ERROR;
				CLANG_WARN_UNREACHABLE_CODE = YES;
				CLANG_WARN__DUPLICATE_METHOD_MATCH = YES;
				"CODE_SIGN_IDENTITY[sdk=iphoneos*]" = "iPhone Developer";
				COPY_PHASE_STRIP = NO;
				DEBUG_INFORMATION_FORMAT = "dwarf-with-dsym";
				ENABLE_NS_ASSERTIONS = NO;
				ENABLE_STRICT_OBJC_MSGSEND = YES;
				GCC_C_LANGUAGE_STANDARD = gnu99;
				GCC_NO_COMMON_BLOCKS = YES;
				GCC_WARN_64_TO_32_BIT_CONVERSION = YES;
				GCC_WARN_ABOUT_RETURN_TYPE = YES_ERROR;
				GCC_WARN_UNDECLARED_SELECTOR = YES;
				GCC_WARN_UNINITIALIZED_AUTOS = YES_AGGRESSIVE;
				GCC_WARN_UNUSED_FUNCTION = YES;
				GCC_WARN_UNUSED_VARIABLE = YES;
				IPHONEOS_DEPLOYMENT_TARGET = 8.3;
				MTL_ENABLE_DEBUG_INFO = NO;
				SDKROOT = iphoneos;
				VALIDATE_PRODUCT = YES;
			};
			name = Release;
		};
		680902231B02EFF600EDD4F8 /* Debug */ = {
			isa = XCBuildConfiguration;
			buildSettings = {
				ASSETCATALOG_COMPILER_APPICON_NAME = AppIcon;
				INFOPLIST_FILE = "XIS_ Architecture/Info.plist";
				LD_RUNPATH_SEARCH_PATHS = "$(inherited) @executable_path/Frameworks";
				PRODUCT_NAME = "$(TARGET_NAME)";
			};
			name = Debug;
		};
		680902241B02EFF600EDD4F8 /* Release */ = {
			isa = XCBuildConfiguration;
			buildSettings = {
				ASSETCATALOG_COMPILER_APPICON_NAME = AppIcon;
				INFOPLIST_FILE = "XIS_ Architecture/Info.plist";
				LD_RUNPATH_SEARCH_PATHS = "$(inherited) @executable_path/Frameworks";
				PRODUCT_NAME = "$(TARGET_NAME)";
			};
			name = Release;
		};
		680902261B02EFF600EDD4F8 /* Debug */ = {
			isa = XCBuildConfiguration;
			buildSettings = {
				BUNDLE_LOADER = "$(TEST_HOST)";
				FRAMEWORK_SEARCH_PATHS = (
					"$(SDKROOT)/Developer/Library/Frameworks",
					"$(inherited)",
				);
				GCC_PREPROCESSOR_DEFINITIONS = (
					"DEBUG=1",
					"$(inherited)",
				);
				INFOPLIST_FILE = "XIS_ ArchitectureTests/Info.plist";
				LD_RUNPATH_SEARCH_PATHS = "$(inherited) @executable_path/Frameworks @loader_path/Frameworks";
				PRODUCT_NAME = "$(TARGET_NAME)";
				TEST_HOST = "$(BUILT_PRODUCTS_DIR)/XIS_ Architecture.app/XIS_ Architecture";
			};
			name = Debug;
		};
		680902271B02EFF600EDD4F8 /* Release */ = {
			isa = XCBuildConfiguration;
			buildSettings = {
				BUNDLE_LOADER = "$(TEST_HOST)";
				FRAMEWORK_SEARCH_PATHS = (
					"$(SDKROOT)/Developer/Library/Frameworks",
					"$(inherited)",
				);
				INFOPLIST_FILE = "XIS_ ArchitectureTests/Info.plist";
				LD_RUNPATH_SEARCH_PATHS = "$(inherited) @executable_path/Frameworks @loader_path/Frameworks";
				PRODUCT_NAME = "$(TARGET_NAME)";
				TEST_HOST = "$(BUILT_PRODUCTS_DIR)/XIS_ Architecture.app/XIS_ Architecture";
			};
			name = Release;
		};
/* End XCBuildConfiguration section */

/* Begin XCConfigurationList section */
		680901FB1B02EFF600EDD4F8 /* Build configuration list for PBXProject "XIS_ Architecture" */ = {
			isa = XCConfigurationList;
			buildConfigurations = (
				680902201B02EFF600EDD4F8 /* Debug */,
				680902211B02EFF600EDD4F8 /* Release */,
			);
			defaultConfigurationIsVisible = 0;
			defaultConfigurationName = Release;
		};
		680902221B02EFF600EDD4F8 /* Build configuration list for PBXNativeTarget "XIS_ Architecture" */ = {
			isa = XCConfigurationList;
			buildConfigurations = (
				680902231B02EFF600EDD4F8 /* Debug */,
				680902241B02EFF600EDD4F8 /* Release */,
			);
			defaultConfigurationIsVisible = 0;
		};
		680902251B02EFF600EDD4F8 /* Build configuration list for PBXNativeTarget "XIS_ ArchitectureTests" */ = {
			isa = XCConfigurationList;
			buildConfigurations = (
				680902261B02EFF600EDD4F8 /* Debug */,
				680902271B02EFF600EDD4F8 /* Release */,
			);
			defaultConfigurationIsVisible = 0;
		};
/* End XCConfigurationList section */

/* Begin XCVersionGroup section */
		680902071B02EFF600EDD4F8 /* XIS__Architecture.xcdatamodeld */ = {
			isa = XCVersionGroup;
			children = (
				680902081B02EFF600EDD4F8 /* XIS__Architecture.xcdatamodel */,
			);
			currentVersion = 680902081B02EFF600EDD4F8 /* XIS__Architecture.xcdatamodel */;
			path = XIS__Architecture.xcdatamodeld;
			sourceTree = "<group>";
			versionGroupType = wrapper.xcdatamodel;
		};
/* End XCVersionGroup section */
	};
	rootObject = 680901F81B02EFF600EDD4F8 /* Project object */;
}
